
Microsoft Visual Studio Solution File, Format Version 12.00
# Visual Studio Version 17
VisualStudioVersion = 17.8.34316.72
MinimumVisualStudioVersion = 10.0.40219.1
Project("{9A19103F-16F7-4668-BE54-9A1E7A4F7556}") = "FigureDrawingApp", "FigureDrawingApp.csproj", "{4181083A-8D0A-473F-AF50-C486BF89D11A}"
EndProject
Project("{2150E333-8FDC-42A3-9474-1A3956D46DE8}") = "Solution Items", "Solution Items", "{2A04F39E-8BF0-446E-9CA7-E0855861271C}"
	ProjectSection(SolutionItems) = preProject
		IMemento.cs = IMemento.cs
	EndProjectSection
EndProject
Global
	GlobalSection(SolutionConfigurationPlatforms) = preSolution
		Debug|Any CPU = Debug|Any CPU
		Release|Any CPU = Release|Any CPU
	EndGlobalSection
	GlobalSection(ProjectConfigurationPlatforms) = postSolution
		{4181083A-8D0A-473F-AF50-C486BF89D11A}.Debug|Any CPU.ActiveCfg = Debug|Any CPU
		{4181083A-8D0A-473F-AF50-C486BF89D11A}.Debug|Any CPU.Build.0 = Debug|Any CPU
		{4181083A-8D0A-473F-AF50-C486BF89D11A}.Release|Any CPU.ActiveCfg = Release|Any CPU
		{4181083A-8D0A-473F-AF50-C486BF89D11A}.Release|Any CPU.Build.0 = Release|Any CPU
	EndGlobalSection
	GlobalSection(SolutionProperties) = preSolution
		HideSolutionNode = FALSE
	EndGlobalSection
	GlobalSection(ExtensibilityGlobals) = postSolution
		SolutionGuid = {487CC2BF-1FC2-4E54-88C6-0395CB7728F0}
	EndGlobalSection
EndGlobal
